
Microsoft Visual Studio Solution File, Format Version 12.00
Project("{FAE04EC0-301F-11D3-BF4B-00C04F79EFBC}") = "MvcUI", "MvcUI\MvcUI.csproj", "{A020DE84-3E7D-4A3C-807D-F9EBB819D911}"
EndProject
Project("{FAE04EC0-301F-11D3-BF4B-00C04F79EFBC}") = "Entities", "Entities\Entities.csproj", "{FF2C072F-D85B-420C-860B-07F38D3854E5}"
EndProject
Project("{FAE04EC0-301F-11D3-BF4B-00C04F79EFBC}") = "DataAccess", "DataAccess\DataAccess.csproj", "{8B766CA0-BF05-4B9A-BB0F-3D2800184E34}"
EndProject
Project("{FAE04EC0-301F-11D3-BF4B-00C04F79EFBC}") = "Business", "Business\Business.csproj", "{99D65C11-970B-41D2-93E1-A24615A2D933}"
EndProject
Project("{FAE04EC0-301F-11D3-BF4B-00C04F79EFBC}") = "Core", "Core\Core.csproj", "{2A98D98F-A35A-42D2-8BC3-927A54893731}"
EndProject
Global
	GlobalSection(SolutionConfigurationPlatforms) = preSolution
		Debug|Any CPU = Debug|Any CPU
		Release|Any CPU = Release|Any CPU
	EndGlobalSection
	GlobalSection(ProjectConfigurationPlatforms) = postSolution
		{A020DE84-3E7D-4A3C-807D-F9EBB819D911}.Debug|Any CPU.ActiveCfg = Debug|Any CPU
		{A020DE84-3E7D-4A3C-807D-F9EBB819D911}.Debug|Any CPU.Build.0 = Debug|Any CPU
		{A020DE84-3E7D-4A3C-807D-F9EBB819D911}.Release|Any CPU.ActiveCfg = Release|Any CPU
		{A020DE84-3E7D-4A3C-807D-F9EBB819D911}.Release|Any CPU.Build.0 = Release|Any CPU
		{FF2C072F-D85B-420C-860B-07F38D3854E5}.Debug|Any CPU.ActiveCfg = Debug|Any CPU
		{FF2C072F-D85B-420C-860B-07F38D3854E5}.Debug|Any CPU.Build.0 = Debug|Any CPU
		{FF2C072F-D85B-420C-860B-07F38D3854E5}.Release|Any CPU.ActiveCfg = Release|Any CPU
		{FF2C072F-D85B-420C-860B-07F38D3854E5}.Release|Any CPU.Build.0 = Release|Any CPU
		{8B766CA0-BF05-4B9A-BB0F-3D2800184E34}.Debug|Any CPU.ActiveCfg = Debug|Any CPU
		{8B766CA0-BF05-4B9A-BB0F-3D2800184E34}.Debug|Any CPU.Build.0 = Debug|Any CPU
		{8B766CA0-BF05-4B9A-BB0F-3D2800184E34}.Release|Any CPU.ActiveCfg = Release|Any CPU
		{8B766CA0-BF05-4B9A-BB0F-3D2800184E34}.Release|Any CPU.Build.0 = Release|Any CPU
		{99D65C11-970B-41D2-93E1-A24615A2D933}.Debug|Any CPU.ActiveCfg = Debug|Any CPU
		{99D65C11-970B-41D2-93E1-A24615A2D933}.Debug|Any CPU.Build.0 = Debug|Any CPU
		{99D65C11-970B-41D2-93E1-A24615A2D933}.Release|Any CPU.ActiveCfg = Release|Any CPU
		{99D65C11-970B-41D2-93E1-A24615A2D933}.Release|Any CPU.Build.0 = Release|Any CPU
		{2A98D98F-A35A-42D2-8BC3-927A54893731}.Debug|Any CPU.ActiveCfg = Debug|Any CPU
		{2A98D98F-A35A-42D2-8BC3-927A54893731}.Debug|Any CPU.Build.0 = Debug|Any CPU
		{2A98D98F-A35A-42D2-8BC3-927A54893731}.Release|Any CPU.ActiveCfg = Release|Any CPU
		{2A98D98F-A35A-42D2-8BC3-927A54893731}.Release|Any CPU.Build.0 = Release|Any CPU
	EndGlobalSection
EndGlobal
